# THIS IS AN AUTOGENERATED FILE. DO NOT EDIT THIS FILE DIRECTLY.
# yarn lockfile v1


flex-layout-attribute@^1.0.3:
  version "1.0.3"
  resolved "https://registry.yarnpkg.com/flex-layout-attribute/-/flex-layout-attribute-1.0.3.tgz#99113eb1d3e6443c724158d5869549c69bacccf1"
  integrity sha512-lXf/Hnlov+YF1xaM46kHs1SHdu2AR/3j4jqOTunQwU1zzcdtV8AIEcSjhucJIrhFvb5rQjBPVtEnQtyLReZTGw==
